
Microsoft Visual Studio Solution File, Format Version 12.00
# Visual Studio Version 16
VisualStudioVersion = 16.0.33027.164
MinimumVisualStudioVersion = 10.0.40219.1
Project("{FAE04EC0-301F-11D3-BF4B-00C04F79EFBC}") = "Snake", "Snake\Snake.csproj", "{77DF2C3A-0767-4D82-8A25-39DCFCE37831}"
EndProject
Global
	GlobalSection(SolutionConfigurationPlatforms) = preSolution
		Debug|Any CPU = Debug|Any CPU
		Release|Any CPU = Release|Any CPU
	EndGlobalSection
	GlobalSection(ProjectConfigurationPlatforms) = postSolution
		{77DF2C3A-0767-4D82-8A25-39DCFCE37831}.Debug|Any CPU.ActiveCfg = Debug|Any CPU
		{77DF2C3A-0767-4D82-8A25-39DCFCE37831}.Debug|Any CPU.Build.0 = Debug|Any CPU
		{77DF2C3A-0767-4D82-8A25-39DCFCE37831}.Release|Any CPU.ActiveCfg = Release|Any CPU
		{77DF2C3A-0767-4D82-8A25-39DCFCE37831}.Release|Any CPU.Build.0 = Release|Any CPU
	EndGlobalSection
	GlobalSection(SolutionProperties) = preSolution
		HideSolutionNode = FALSE
	EndGlobalSection
	GlobalSection(ExtensibilityGlobals) = postSolution
		SolutionGuid = {FDA3CABA-5356-4AFA-8580-79935DBCEC36}
	EndGlobalSection
EndGlobal
